
Microsoft Visual Studio Solution File, Format Version 12.00
# Visual Studio Version 17
VisualStudioVersion = 17.1.32210.238
MinimumVisualStudioVersion = 10.0.40219.1
Project("{9A19103F-16F7-4668-BE54-9A1E7A4F7556}") = "Larek", "Larek\Larek.csproj", "{B1988550-7EC7-4D29-AB12-C08BDC47F158}"
EndProject
Project("{9A19103F-16F7-4668-BE54-9A1E7A4F7556}") = "Catalog", "Catalog\Catalog.csproj", "{976DB205-CC22-4167-A5E8-A05298FEF25A}"
EndProject
Project("{9A19103F-16F7-4668-BE54-9A1E7A4F7556}") = "Orders", "Orders\Orders.csproj", "{15A9538C-3532-4CAA-A44B-F340F6FD79E2}"
EndProject
Project("{9A19103F-16F7-4668-BE54-9A1E7A4F7556}") = "Delivery", "Delivery\Delivery.csproj", "{EFD97350-4241-4B29-81B5-059615621DB5}"
EndProject
Project("{9A19103F-16F7-4668-BE54-9A1E7A4F7556}") = "Gateway", "Gateway\Gateway.csproj", "{255B41E8-3252-4A3D-81A2-AB5A1FA1EC24}"
EndProject
Project("{9A19103F-16F7-4668-BE54-9A1E7A4F7556}") = "Infrastructure", "Infrastructure\Infrastructure.csproj", "{58275580-D83D-4C24-8E24-A4FD4EC5BC11}"
EndProject
Global
	GlobalSection(SolutionConfigurationPlatforms) = preSolution
		Debug|Any CPU = Debug|Any CPU
		Release|Any CPU = Release|Any CPU
	EndGlobalSection
	GlobalSection(ProjectConfigurationPlatforms) = postSolution
		{B1988550-7EC7-4D29-AB12-C08BDC47F158}.Debug|Any CPU.ActiveCfg = Debug|Any CPU
		{B1988550-7EC7-4D29-AB12-C08BDC47F158}.Debug|Any CPU.Build.0 = Debug|Any CPU
		{B1988550-7EC7-4D29-AB12-C08BDC47F158}.Release|Any CPU.ActiveCfg = Release|Any CPU
		{B1988550-7EC7-4D29-AB12-C08BDC47F158}.Release|Any CPU.Build.0 = Release|Any CPU
		{976DB205-CC22-4167-A5E8-A05298FEF25A}.Debug|Any CPU.ActiveCfg = Debug|Any CPU
		{976DB205-CC22-4167-A5E8-A05298FEF25A}.Debug|Any CPU.Build.0 = Debug|Any CPU
		{976DB205-CC22-4167-A5E8-A05298FEF25A}.Release|Any CPU.ActiveCfg = Release|Any CPU
		{976DB205-CC22-4167-A5E8-A05298FEF25A}.Release|Any CPU.Build.0 = Release|Any CPU
		{15A9538C-3532-4CAA-A44B-F340F6FD79E2}.Debug|Any CPU.ActiveCfg = Debug|Any CPU
		{15A9538C-3532-4CAA-A44B-F340F6FD79E2}.Debug|Any CPU.Build.0 = Debug|Any CPU
		{15A9538C-3532-4CAA-A44B-F340F6FD79E2}.Release|Any CPU.ActiveCfg = Release|Any CPU
		{15A9538C-3532-4CAA-A44B-F340F6FD79E2}.Release|Any CPU.Build.0 = Release|Any CPU
		{EFD97350-4241-4B29-81B5-059615621DB5}.Debug|Any CPU.ActiveCfg = Debug|Any CPU
		{EFD97350-4241-4B29-81B5-059615621DB5}.Debug|Any CPU.Build.0 = Debug|Any CPU
		{EFD97350-4241-4B29-81B5-059615621DB5}.Release|Any CPU.ActiveCfg = Release|Any CPU
		{EFD97350-4241-4B29-81B5-059615621DB5}.Release|Any CPU.Build.0 = Release|Any CPU
		{255B41E8-3252-4A3D-81A2-AB5A1FA1EC24}.Debug|Any CPU.ActiveCfg = Debug|Any CPU
		{255B41E8-3252-4A3D-81A2-AB5A1FA1EC24}.Debug|Any CPU.Build.0 = Debug|Any CPU
		{255B41E8-3252-4A3D-81A2-AB5A1FA1EC24}.Release|Any CPU.ActiveCfg = Release|Any CPU
		{255B41E8-3252-4A3D-81A2-AB5A1FA1EC24}.Release|Any CPU.Build.0 = Release|Any CPU
		{58275580-D83D-4C24-8E24-A4FD4EC5BC11}.Debug|Any CPU.ActiveCfg = Debug|Any CPU
		{58275580-D83D-4C24-8E24-A4FD4EC5BC11}.Debug|Any CPU.Build.0 = Debug|Any CPU
		{58275580-D83D-4C24-8E24-A4FD4EC5BC11}.Release|Any CPU.ActiveCfg = Release|Any CPU
		{58275580-D83D-4C24-8E24-A4FD4EC5BC11}.Release|Any CPU.Build.0 = Release|Any CPU
	EndGlobalSection
	GlobalSection(SolutionProperties) = preSolution
		HideSolutionNode = FALSE
	EndGlobalSection
	GlobalSection(ExtensibilityGlobals) = postSolution
		SolutionGuid = {DFDCE91A-A59F-4758-A1B4-C7227F1464E4}
	EndGlobalSection
EndGlobal
